
Microsoft Visual Studio Solution File, Format Version 12.00
# Visual Studio Version 17
VisualStudioVersion = 17.9.34728.123
MinimumVisualStudioVersion = 10.0.40219.1
Project("{FAE04EC0-301F-11D3-BF4B-00C04F79EFBC}") = "baitapbuoi9", "baitapbuoi9\baitapbuoi9.csproj", "{8B988F72-4337-479B-93C1-7C94D4725387}"
EndProject
Project("{FAE04EC0-301F-11D3-BF4B-00C04F79EFBC}") = "bai9_commonlib", "bai9_commonlib\bai9_commonlib.csproj", "{BC6154E0-95E1-4BC8-B936-3F73E1BD5A24}"
EndProject
Global
	GlobalSection(SolutionConfigurationPlatforms) = preSolution
		Debug|Any CPU = Debug|Any CPU
		Release|Any CPU = Release|Any CPU
	EndGlobalSection
	GlobalSection(ProjectConfigurationPlatforms) = postSolution
		{8B988F72-4337-479B-93C1-7C94D4725387}.Debug|Any CPU.ActiveCfg = Debug|Any CPU
		{8B988F72-4337-479B-93C1-7C94D4725387}.Debug|Any CPU.Build.0 = Debug|Any CPU
		{8B988F72-4337-479B-93C1-7C94D4725387}.Release|Any CPU.ActiveCfg = Release|Any CPU
		{8B988F72-4337-479B-93C1-7C94D4725387}.Release|Any CPU.Build.0 = Release|Any CPU
		{BC6154E0-95E1-4BC8-B936-3F73E1BD5A24}.Debug|Any CPU.ActiveCfg = Debug|Any CPU
		{BC6154E0-95E1-4BC8-B936-3F73E1BD5A24}.Debug|Any CPU.Build.0 = Debug|Any CPU
		{BC6154E0-95E1-4BC8-B936-3F73E1BD5A24}.Release|Any CPU.ActiveCfg = Release|Any CPU
		{BC6154E0-95E1-4BC8-B936-3F73E1BD5A24}.Release|Any CPU.Build.0 = Release|Any CPU
	EndGlobalSection
	GlobalSection(SolutionProperties) = preSolution
		HideSolutionNode = FALSE
	EndGlobalSection
	GlobalSection(ExtensibilityGlobals) = postSolution
		SolutionGuid = {486A44E4-CBEC-40E5-98CA-58A49331761A}
	EndGlobalSection
EndGlobal
